Microsoft Visual Studio Solution File, Format Version 12.00
# Visual Studio Version 17
VisualStudioVersion = 17.5.2.0
MinimumVisualStudioVersion = 10.0.40219.1
Project("{FAE04EC0-301F-11D3-BF4B-00C04F79EFBC}") = "Repository-JSON", "Repository-InMemory\Repository-JSON.csproj", "{AD0BDAEA-6A53-E0FA-9468-1828DB1644EB}"
EndProject
Global
	GlobalSection(SolutionConfigurationPlatforms) = preSolution
		Debug|Any CPU = Debug|Any CPU
		Release|Any CPU = Release|Any CPU
	EndGlobalSection
	GlobalSection(ProjectConfigurationPlatforms) = postSolution
		{AD0BDAEA-6A53-E0FA-9468-1828DB1644EB}.Debug|Any CPU.ActiveCfg = Debug|Any CPU
		{AD0BDAEA-6A53-E0FA-9468-1828DB1644EB}.Debug|Any CPU.Build.0 = Debug|Any CPU
		{AD0BDAEA-6A53-E0FA-9468-1828DB1644EB}.Release|Any CPU.ActiveCfg = Release|Any CPU
		{AD0BDAEA-6A53-E0FA-9468-1828DB1644EB}.Release|Any CPU.Build.0 = Release|Any CPU
	EndGlobalSection
	GlobalSection(SolutionProperties) = preSolution
		HideSolutionNode = FALSE
	EndGlobalSection
	GlobalSection(ExtensibilityGlobals) = postSolution
		SolutionGuid = {4C6662D8-6545-46EE-B141-9AE7A68D2829}
	EndGlobalSection
EndGlobal
